
Microsoft Visual Studio Solution File, Format Version 12.00
# Visual Studio Version 17
VisualStudioVersion = 17.0.31903.59
MinimumVisualStudioVersion = 10.0.40219.1
Project("{9A19103F-16F7-4668-BE54-9A1E7A4F7556}") = "BattleShip.API", "BattleShip.API\BattleShip.API.csproj", "{722FDAD0-3447-4E8C-B199-8ECE78D90101}"
EndProject
Project("{9A19103F-16F7-4668-BE54-9A1E7A4F7556}") = "BattleShip.App", "BattleShip.App\BattleShip.App.csproj", "{B00FD74F-AAD8-4342-BEAD-2384A9BDCF4B}"
EndProject
Project("{9A19103F-16F7-4668-BE54-9A1E7A4F7556}") = "BattleShip.Models", "BattleShip.Models\BattleShip.Models.csproj", "{34BA70D1-8EDD-48AE-8D02-809ED9002722}"
EndProject
Project("{9A19103F-16F7-4668-BE54-9A1E7A4F7556}") = "MinimalApiSourceGenerator", "MinimalApiSourceGenerator\MinimalApiSourceGenerator.csproj", "{5E20F057-36E1-4D8F-898D-8848ABFDE732}"
EndProject
Global
	GlobalSection(SolutionConfigurationPlatforms) = preSolution
		Debug|Any CPU = Debug|Any CPU
		Release|Any CPU = Release|Any CPU
	EndGlobalSection
	GlobalSection(ProjectConfigurationPlatforms) = postSolution
		{722FDAD0-3447-4E8C-B199-8ECE78D90101}.Debug|Any CPU.ActiveCfg = Debug|Any CPU
		{722FDAD0-3447-4E8C-B199-8ECE78D90101}.Debug|Any CPU.Build.0 = Debug|Any CPU
		{722FDAD0-3447-4E8C-B199-8ECE78D90101}.Release|Any CPU.ActiveCfg = Release|Any CPU
		{722FDAD0-3447-4E8C-B199-8ECE78D90101}.Release|Any CPU.Build.0 = Release|Any CPU
		{B00FD74F-AAD8-4342-BEAD-2384A9BDCF4B}.Debug|Any CPU.ActiveCfg = Debug|Any CPU
		{B00FD74F-AAD8-4342-BEAD-2384A9BDCF4B}.Debug|Any CPU.Build.0 = Debug|Any CPU
		{B00FD74F-AAD8-4342-BEAD-2384A9BDCF4B}.Release|Any CPU.ActiveCfg = Release|Any CPU
		{B00FD74F-AAD8-4342-BEAD-2384A9BDCF4B}.Release|Any CPU.Build.0 = Release|Any CPU
		{34BA70D1-8EDD-48AE-8D02-809ED9002722}.Debug|Any CPU.ActiveCfg = Debug|Any CPU
		{34BA70D1-8EDD-48AE-8D02-809ED9002722}.Debug|Any CPU.Build.0 = Debug|Any CPU
		{34BA70D1-8EDD-48AE-8D02-809ED9002722}.Release|Any CPU.ActiveCfg = Release|Any CPU
		{34BA70D1-8EDD-48AE-8D02-809ED9002722}.Release|Any CPU.Build.0 = Release|Any CPU
		{5E20F057-36E1-4D8F-898D-8848ABFDE732}.Debug|Any CPU.ActiveCfg = Debug|Any CPU
		{5E20F057-36E1-4D8F-898D-8848ABFDE732}.Debug|Any CPU.Build.0 = Debug|Any CPU
		{5E20F057-36E1-4D8F-898D-8848ABFDE732}.Release|Any CPU.ActiveCfg = Release|Any CPU
		{5E20F057-36E1-4D8F-898D-8848ABFDE732}.Release|Any CPU.Build.0 = Release|Any CPU
	EndGlobalSection
	GlobalSection(SolutionProperties) = preSolution
		HideSolutionNode = FALSE
	EndGlobalSection
	GlobalSection(ExtensibilityGlobals) = postSolution
		SolutionGuid = {73904A03-3A30-4E25-BF38-13E018D3826B}
	EndGlobalSection
EndGlobal
